
Microsoft Visual Studio Solution File, Format Version 12.00
# Visual Studio Version 16
VisualStudioVersion = 16.0.30225.117
MinimumVisualStudioVersion = 10.0.40219.1
Project("{FAE04EC0-301F-11D3-BF4B-00C04F79EFBC}") = "LetsDoIt.MailSender", "LetsDoIt.MailSender\LetsDoIt.MailSender.csproj", "{ABCE235F-B28B-4312-BFFC-233833DDD539}"
EndProject
Global
	GlobalSection(SolutionConfigurationPlatforms) = preSolution
		Debug|Any CPU = Debug|Any CPU
		Release|Any CPU = Release|Any CPU
	EndGlobalSection
	GlobalSection(ProjectConfigurationPlatforms) = postSolution
		{ABCE235F-B28B-4312-BFFC-233833DDD539}.Debug|Any CPU.ActiveCfg = Debug|Any CPU
		{ABCE235F-B28B-4312-BFFC-233833DDD539}.Debug|Any CPU.Build.0 = Debug|Any CPU
		{ABCE235F-B28B-4312-BFFC-233833DDD539}.Release|Any CPU.ActiveCfg = Release|Any CPU
		{ABCE235F-B28B-4312-BFFC-233833DDD539}.Release|Any CPU.Build.0 = Release|Any CPU
	EndGlobalSection
	GlobalSection(SolutionProperties) = preSolution
		HideSolutionNode = FALSE
	EndGlobalSection
	GlobalSection(ExtensibilityGlobals) = postSolution
		SolutionGuid = {D0AE2E3E-D412-497C-9D41-11E93B8C49A0}
	EndGlobalSection
EndGlobal
